
Microsoft Visual Studio Solution File, Format Version 12.00
# Visual Studio Version 16
VisualStudioVersion = 16.0.30717.126
MinimumVisualStudioVersion = 10.0.40219.1
Project("{9A19103F-16F7-4668-BE54-9A1E7A4F7556}") = "RPDemoApp", "RPDemoApp\RPDemoApp.csproj", "{A7D94F00-49C8-48C0-88D8-A1662209DC0A}"
EndProject
Project("{9A19103F-16F7-4668-BE54-9A1E7A4F7556}") = "MVCDemo", "MVCDemo\MVCDemo.csproj", "{239CB685-0980-425D-903B-B3512948D8AA}"
EndProject
Project("{9A19103F-16F7-4668-BE54-9A1E7A4F7556}") = "APIDemo", "APIDemo\APIDemo.csproj", "{BAFDE10B-3A2A-4E82-BBF1-64F49255802C}"
EndProject
Project("{FAE04EC0-301F-11D3-BF4B-00C04F79EFBC}") = "BlazorServerDemo", "BlazorServerDemo\BlazorServerDemo.csproj", "{732FA708-47CC-4E3F-8CD4-6CED5ADE4EF3}"
EndProject
Global
	GlobalSection(SolutionConfigurationPlatforms) = preSolution
		Debug|Any CPU = Debug|Any CPU
		Release|Any CPU = Release|Any CPU
	EndGlobalSection
	GlobalSection(ProjectConfigurationPlatforms) = postSolution
		{A7D94F00-49C8-48C0-88D8-A1662209DC0A}.Debug|Any CPU.ActiveCfg = Debug|Any CPU
		{A7D94F00-49C8-48C0-88D8-A1662209DC0A}.Debug|Any CPU.Build.0 = Debug|Any CPU
		{A7D94F00-49C8-48C0-88D8-A1662209DC0A}.Release|Any CPU.ActiveCfg = Release|Any CPU
		{A7D94F00-49C8-48C0-88D8-A1662209DC0A}.Release|Any CPU.Build.0 = Release|Any CPU
		{239CB685-0980-425D-903B-B3512948D8AA}.Debug|Any CPU.ActiveCfg = Debug|Any CPU
		{239CB685-0980-425D-903B-B3512948D8AA}.Debug|Any CPU.Build.0 = Debug|Any CPU
		{239CB685-0980-425D-903B-B3512948D8AA}.Release|Any CPU.ActiveCfg = Release|Any CPU
		{239CB685-0980-425D-903B-B3512948D8AA}.Release|Any CPU.Build.0 = Release|Any CPU
		{BAFDE10B-3A2A-4E82-BBF1-64F49255802C}.Debug|Any CPU.ActiveCfg = Debug|Any CPU
		{BAFDE10B-3A2A-4E82-BBF1-64F49255802C}.Debug|Any CPU.Build.0 = Debug|Any CPU
		{BAFDE10B-3A2A-4E82-BBF1-64F49255802C}.Release|Any CPU.ActiveCfg = Release|Any CPU
		{BAFDE10B-3A2A-4E82-BBF1-64F49255802C}.Release|Any CPU.Build.0 = Release|Any CPU
		{732FA708-47CC-4E3F-8CD4-6CED5ADE4EF3}.Debug|Any CPU.ActiveCfg = Debug|Any CPU
		{732FA708-47CC-4E3F-8CD4-6CED5ADE4EF3}.Debug|Any CPU.Build.0 = Debug|Any CPU
		{732FA708-47CC-4E3F-8CD4-6CED5ADE4EF3}.Release|Any CPU.ActiveCfg = Release|Any CPU
		{732FA708-47CC-4E3F-8CD4-6CED5ADE4EF3}.Release|Any CPU.Build.0 = Release|Any CPU
	EndGlobalSection
	GlobalSection(SolutionProperties) = preSolution
		HideSolutionNode = FALSE
	EndGlobalSection
	GlobalSection(ExtensibilityGlobals) = postSolution
		SolutionGuid = {B18EC618-AC02-452D-BD2A-66145517F3AE}
	EndGlobalSection
EndGlobal
